<?xml version="1.0" encoding="utf-8"?>
<Project ToolsVersion="4.0" xmlns="http://schemas.microsoft.com/developer/msbuild/2003">
  <ItemGroup>
    <Filter Include="Source Files">
      <UniqueIdentifier>{4FC737F1-C7A5-4376-A066-2A32D752A2FF}</UniqueIdentifier>
      <Extensions>cpp;c;cc;cxx;def;odl;idl;hpj;bat;asm;asmx</Extensions>
    </Filter>
    <Filter Include="Header Files">
      <UniqueIdentifier>{93995380-89BD-4b04-88EB-625FBE52EBFB}</UniqueIdentifier>
      <Extensions>h;hh;hpp;hxx;hm;inl;inc;xsd</Extensions>
    </Filter>
    <Filter Include="Resource Files">
      <UniqueIdentifier>{67DA6AB6-F800-4c08-8B7A-83BB121AAD01}</UniqueIdentifier>
      <Extensions>rc;ico;cur;bmp;dlg;rc2;rct;bin;rgs;gif;jpg;jpeg;jpe;resx;tiff;tif;png;wav;mfcribbon-ms</Extensions>
    </Filter>
  </ItemGroup>
  <ItemGroup>
    <ClCompile Include="GPUKit\Texture\2D\Texture2D.cpp">
      <Filter>Source Files</Filter>
    </ClCompile>
    <ClCompile Include="GPUKit\Texture\2D\Texture2DImporter.cpp">
      <Filter>Source Files</Filter>
    </ClCompile>
    <ClCompile Include="GPUKit\Texture\3D\Texture3D.cpp">
      <Filter>Source Files</Filter>
    </ClCompile>
    <ClCompile Include="GPUKit\Texture\3D\Texture3DImporter.cpp">
      <Filter>Source Files</Filter>
    </ClCompile>
    <ClCompile Include="GPUKit\Texture\Texture.cpp">
      <Filter>Source Files</Filter>
    </ClCompile>
    <ClCompile Include="GPUKit\Material\Material.cpp">
      <Filter>Source Files</Filter>
    </ClCompile>
    <ClCompile Include="GPUKit\Program\Program.cpp">
      <Filter>Source Files</Filter>
    </ClCompile>
    <ClCompile Include="GPUKit\Shader\FShader\FShaderImporter.cpp">
      <Filter>Source Files</Filter>
    </ClCompile>
    <ClCompile Include="GPUKit\Shader\GShader\GShaderImporter.cpp">
      <Filter>Source Files</Filter>
    </ClCompile>
    <ClCompile Include="GPUKit\Shader\VShader\VShaderImporter.cpp">
      <Filter>Source Files</Filter>
    </ClCompile>
    <ClCompile Include="GPUKit\Shader\Shader.cpp">
      <Filter>Source Files</Filter>
    </ClCompile>
    <ClCompile Include="GPUKit\Shader\ShaderImporterCommon.cpp">
      <Filter>Source Files</Filter>
    </ClCompile>
    <ClCompile Include="GPUKit\Pass\Pass.cpp">
      <Filter>Source Files</Filter>
    </ClCompile>
    <ClCompile Include="GPUKit\Buffer\Buffer.cpp">
      <Filter>Source Files</Filter>
    </ClCompile>
    <ClCompile Include="GPUKit\Program\ProgramImporter.cpp">
      <Filter>Source Files</Filter>
    </ClCompile>
    <ClCompile Include="Example\Scene\NodeImporter.cpp">
      <Filter>Source Files</Filter>
    </ClCompile>
    <ClCompile Include="Example\main.cpp">
      <Filter>Source Files</Filter>
    </ClCompile>
    <ClCompile Include="Dependencies\Logger\Logger.cpp">
      <Filter>Source Files</Filter>
    </ClCompile>
    <ClCompile Include="GPUKit\Geometry\Geometry.cpp">
      <Filter>Source Files</Filter>
    </ClCompile>
  </ItemGroup>
  <ItemGroup>
    <ClInclude Include="GPUKit\GPUKit.h">
      <Filter>Header Files</Filter>
    </ClInclude>
    <ClInclude Include="GPUKit\GLWrapper.h">
      <Filter>Header Files</Filter>
    </ClInclude>
    <ClInclude Include="GPUKit\Texture\2D\Texture2D.h">
      <Filter>Header Files</Filter>
    </ClInclude>
    <ClInclude Include="GPUKit\Texture\2D\Texture2DImporter.h">
      <Filter>Header Files</Filter>
    </ClInclude>
    <ClInclude Include="GPUKit\Texture\3D\Texture3D.h">
      <Filter>Header Files</Filter>
    </ClInclude>
    <ClInclude Include="GPUKit\Texture\3D\Texture3DImporter.h">
      <Filter>Header Files</Filter>
    </ClInclude>
    <ClInclude Include="GPUKit\Texture\Texture.h">
      <Filter>Header Files</Filter>
    </ClInclude>
    <ClInclude Include="GPUKit\Texture\Textures.h">
      <Filter>Header Files</Filter>
    </ClInclude>
    <ClInclude Include="GPUKit\Material\Material.h">
      <Filter>Header Files</Filter>
    </ClInclude>
    <ClInclude Include="GPUKit\Program\Program.h">
      <Filter>Header Files</Filter>
    </ClInclude>
    <ClInclude Include="GPUKit\Shader\FShader\FShader.h">
      <Filter>Header Files</Filter>
    </ClInclude>
    <ClInclude Include="GPUKit\Shader\FShader\FShaderImporter.h">
      <Filter>Header Files</Filter>
    </ClInclude>
    <ClInclude Include="GPUKit\Shader\GShader\GShader.h">
      <Filter>Header Files</Filter>
    </ClInclude>
    <ClInclude Include="GPUKit\Shader\GShader\GShaderImporter.h">
      <Filter>Header Files</Filter>
    </ClInclude>
    <ClInclude Include="GPUKit\Shader\VShader\VShader.h">
      <Filter>Header Files</Filter>
    </ClInclude>
    <ClInclude Include="GPUKit\Shader\VShader\VShaderImporter.h">
      <Filter>Header Files</Filter>
    </ClInclude>
    <ClInclude Include="GPUKit\Shader\Shaders.h">
      <Filter>Header Files</Filter>
    </ClInclude>
    <ClInclude Include="GPUKit\Shader\ShaderImporterCommon.h">
      <Filter>Header Files</Filter>
    </ClInclude>
    <ClInclude Include="GPUKit\Shader\Shader.h">
      <Filter>Header Files</Filter>
    </ClInclude>
    <ClInclude Include="GPUKit\Pass\Pass.h">
      <Filter>Header Files</Filter>
    </ClInclude>
    <ClInclude Include="GPUKit\Buffer\Buffer.h">
      <Filter>Header Files</Filter>
    </ClInclude>
    <ClInclude Include="GPUKit\Program\ProgramImporter.h">
      <Filter>Header Files</Filter>
    </ClInclude>
    <ClInclude Include="Example\Passes\GeometryPass.h">
      <Filter>Header Files</Filter>
    </ClInclude>
    <ClInclude Include="Example\Passes\LightPass.h">
      <Filter>Header Files</Filter>
    </ClInclude>
    <ClInclude Include="Example\Passes\BlurPass.h">
      <Filter>Header Files</Filter>
    </ClInclude>
    <ClInclude Include="Example\Passes\SkyboxPass.h">
      <Filter>Header Files</Filter>
    </ClInclude>
    <ClInclude Include="Example\Passes\ShadowPass.h">
      <Filter>Header Files</Filter>
    </ClInclude>
    <ClInclude Include="Example\Passes\BlendPass.h">
      <Filter>Header Files</Filter>
    </ClInclude>
    <ClInclude Include="Example\Scene\NodeImporter.h">
      <Filter>Header Files</Filter>
    </ClInclude>
    <ClInclude Include="GPUKit\Importers.h">
      <Filter>Header Files</Filter>
    </ClInclude>
    <ClInclude Include="Dependencies\AssetImporter\AssetImporter.h">
      <Filter>Header Files</Filter>
    </ClInclude>
    <ClInclude Include="Dependencies\Logger\Logger.h">
      <Filter>Header Files</Filter>
    </ClInclude>
    <ClInclude Include="GPUKit\Logger.h">
      <Filter>Header Files</Filter>
    </ClInclude>
    <ClInclude Include="Dependencies\Defines.h">
      <Filter>Header Files</Filter>
    </ClInclude>
    <ClInclude Include="Example\Scene\HighLevelTypes.h">
      <Filter>Header Files</Filter>
    </ClInclude>
    <ClInclude Include="GPUKit\Geometry\Geometry.h">
      <Filter>Header Files</Filter>
    </ClInclude>
  </ItemGroup>
  <ItemGroup>
    <None Include="Additional\Content\Shaders\G.glsl" />
    <None Include="Additional\Content\Shaders\L.glsl" />
    <None Include="Additional\Content\Shaders\B.glsl" />
    <None Include="Example\Models\Cube.fbx" />
    <None Include="Example\Models\Scene.fbx" />
    <None Include="Example\Shaders\Blend.glsl" />
    <None Include="Example\Shaders\Blur.glsl" />
    <None Include="Example\Shaders\Geometry.glsl" />
    <None Include="Example\Shaders\Lighting.glsl" />
    <None Include="Example\Shaders\Shadow.glsl" />
    <None Include="Example\Shaders\Skybox.glsl" />
    <None Include="assimp-vc140-mt.dll" />
    <None Include="Example\Models\Bad Omen.nfo" />
  </ItemGroup>
  <ItemGroup>
    <Image Include="Example\Models\skybox\badomen1.tga" />
    <Image Include="Example\Models\skybox\badomen2.tga" />
    <Image Include="Example\Models\skybox\badomen3.tga" />
    <Image Include="Example\Models\skybox\badomen4.tga" />
    <Image Include="Example\Models\skybox\badomen5.tga" />
    <Image Include="Example\Models\skybox\badomen6.tga" />
  </ItemGroup>
  <ItemGroup>
    <Text Include="logDefault.log" />
    <Text Include="Example\Models\license.txt" />
  </ItemGroup>
</Project>